
Microsoft Visual Studio Solution File, Format Version 12.00
# Visual Studio Version 16
VisualStudioVersion = 16.0.29519.87
MinimumVisualStudioVersion = 10.0.40219.1
Project("{FAE04EC0-301F-11D3-BF4B-00C04F79EFBC}") = "Wallet.Web", "Wallet.Web\Wallet.Web.csproj", "{57BCA10A-8AA3-4A83-8C1D-6F263DE0FC79}"
EndProject
Project("{FAE04EC0-301F-11D3-BF4B-00C04F79EFBC}") = "Wallet.Domain", "Wallet.Domain\Wallet.Domain.csproj", "{3DD27EB3-2572-4D20-AA11-1B16E216D778}"
EndProject
Project("{FAE04EC0-301F-11D3-BF4B-00C04F79EFBC}") = "Wallet.Infrastructure", "Wallet.Infrastructure\Wallet.Infrastructure.csproj", "{C3399E1E-159B-4A4B-BAD8-A0F6402FFA3E}"
EndProject
Project("{FAE04EC0-301F-11D3-BF4B-00C04F79EFBC}") = "Wallet.Application", "Wallet.Application\Wallet.Application.csproj", "{8B39E3A1-6D45-47D6-BE22-016C78EF1487}"
EndProject
Global
	GlobalSection(SolutionConfigurationPlatforms) = preSolution
		Debug|Any CPU = Debug|Any CPU
		Release|Any CPU = Release|Any CPU
	EndGlobalSection
	GlobalSection(ProjectConfigurationPlatforms) = postSolution
		{57BCA10A-8AA3-4A83-8C1D-6F263DE0FC79}.Debug|Any CPU.ActiveCfg = Debug|Any CPU
		{57BCA10A-8AA3-4A83-8C1D-6F263DE0FC79}.Debug|Any CPU.Build.0 = Debug|Any CPU
		{57BCA10A-8AA3-4A83-8C1D-6F263DE0FC79}.Release|Any CPU.ActiveCfg = Release|Any CPU
		{57BCA10A-8AA3-4A83-8C1D-6F263DE0FC79}.Release|Any CPU.Build.0 = Release|Any CPU
		{3DD27EB3-2572-4D20-AA11-1B16E216D778}.Debug|Any CPU.ActiveCfg = Debug|Any CPU
		{3DD27EB3-2572-4D20-AA11-1B16E216D778}.Debug|Any CPU.Build.0 = Debug|Any CPU
		{3DD27EB3-2572-4D20-AA11-1B16E216D778}.Release|Any CPU.ActiveCfg = Release|Any CPU
		{3DD27EB3-2572-4D20-AA11-1B16E216D778}.Release|Any CPU.Build.0 = Release|Any CPU
		{C3399E1E-159B-4A4B-BAD8-A0F6402FFA3E}.Debug|Any CPU.ActiveCfg = Debug|Any CPU
		{C3399E1E-159B-4A4B-BAD8-A0F6402FFA3E}.Debug|Any CPU.Build.0 = Debug|Any CPU
		{C3399E1E-159B-4A4B-BAD8-A0F6402FFA3E}.Release|Any CPU.ActiveCfg = Release|Any CPU
		{C3399E1E-159B-4A4B-BAD8-A0F6402FFA3E}.Release|Any CPU.Build.0 = Release|Any CPU
		{8B39E3A1-6D45-47D6-BE22-016C78EF1487}.Debug|Any CPU.ActiveCfg = Debug|Any CPU
		{8B39E3A1-6D45-47D6-BE22-016C78EF1487}.Debug|Any CPU.Build.0 = Debug|Any CPU
		{8B39E3A1-6D45-47D6-BE22-016C78EF1487}.Release|Any CPU.ActiveCfg = Release|Any CPU
		{8B39E3A1-6D45-47D6-BE22-016C78EF1487}.Release|Any CPU.Build.0 = Release|Any CPU
	EndGlobalSection
	GlobalSection(SolutionProperties) = preSolution
		HideSolutionNode = FALSE
	EndGlobalSection
	GlobalSection(ExtensibilityGlobals) = postSolution
		SolutionGuid = {A77209FB-02A0-4CAF-B9AA-7BEAB07226CE}
	EndGlobalSection
EndGlobal
